// !$*UTF8*$!
{
	archiveVersion = 1;
	classes = {
	};
	objectVersion = 50;
	objects = {

/* Begin PBXBuildFile section */
		B2710E23247FAAC4000A110A /* CircleImage.swift in Sources */ = {isa = PBXBuildFile; fileRef = B2710E22247FAAC4000A110A /* CircleImage.swift */; };
		B2710E25247FAEE9000A110A /* MapView.swift in Sources */ = {isa = PBXBuildFile; fileRef = B2710E24247FAEE9000A110A /* MapView.swift */; };
		B2CA8FC32476794200C6CE59 /* AppDelegate.swift in Sources */ = {isa = PBXBuildFile; fileRef = B2CA8FC22476794200C6CE59 /* AppDelegate.swift */; };
		B2CA8FC52476794200C6CE59 /* SceneDelegate.swift in Sources */ = {isa = PBXBuildFile; fileRef = B2CA8FC42476794200C6CE59 /* SceneDelegate.swift */; };
		B2CA8FC72476794200C6CE59 /* LandmarkDetail.swift in Sources */ = {isa = PBXBuildFile; fileRef = B2CA8FC62476794200C6CE59 /* LandmarkDetail.swift */; };
		B2CA8FC92476794C00C6CE59 /* Assets.xcassets in Resources */ = {isa = PBXBuildFile; fileRef = B2CA8FC82476794C00C6CE59 /* Assets.xcassets */; };
		B2CA8FCC2476794C00C6CE59 /* Preview Assets.xcassets in Resources */ = {isa = PBXBuildFile; fileRef = B2CA8FCB2476794C00C6CE59 /* Preview Assets.xcassets */; };
		B2CA8FCF2476794C00C6CE59 /* LaunchScreen.storyboard in Resources */ = {isa = PBXBuildFile; fileRef = B2CA8FCD2476794C00C6CE59 /* LaunchScreen.storyboard */; };
		B2EA7E592488ED3E007F44BD /* twinlake.jpg in Resources */ = {isa = PBXBuildFile; fileRef = B2EA7E4D2488ED3D007F44BD /* twinlake.jpg */; };
		B2EA7E5A2488ED3E007F44BD /* yukon_charleyrivers.jpg in Resources */ = {isa = PBXBuildFile; fileRef = B2EA7E4E2488ED3D007F44BD /* yukon_charleyrivers.jpg */; };
		B2EA7E5B2488ED3E007F44BD /* chilkoottrail.jpg in Resources */ = {isa = PBXBuildFile; fileRef = B2EA7E4F2488ED3D007F44BD /* chilkoottrail.jpg */; };
		B2EA7E5C2488ED3E007F44BD /* umbagog.jpg in Resources */ = {isa = PBXBuildFile; fileRef = B2EA7E502488ED3D007F44BD /* umbagog.jpg */; };
		B2EA7E5D2488ED3E007F44BD /* icybay.jpg in Resources */ = {isa = PBXBuildFile; fileRef = B2EA7E512488ED3D007F44BD /* icybay.jpg */; };
		B2EA7E5E2488ED3E007F44BD /* turtlerock.jpg in Resources */ = {isa = PBXBuildFile; fileRef = B2EA7E522488ED3D007F44BD /* turtlerock.jpg */; };
		B2EA7E5F2488ED3E007F44BD /* lakemcdonald.jpg in Resources */ = {isa = PBXBuildFile; fileRef = B2EA7E532488ED3D007F44BD /* lakemcdonald.jpg */; };
		B2EA7E602488ED3E007F44BD /* silversalmoncreek.jpg in Resources */ = {isa = PBXBuildFile; fileRef = B2EA7E542488ED3E007F44BD /* silversalmoncreek.jpg */; };
		B2EA7E612488ED3E007F44BD /* chincoteague.jpg in Resources */ = {isa = PBXBuildFile; fileRef = B2EA7E552488ED3E007F44BD /* chincoteague.jpg */; };
		B2EA7E622488ED3E007F44BD /* hiddenlake.jpg in Resources */ = {isa = PBXBuildFile; fileRef = B2EA7E562488ED3E007F44BD /* hiddenlake.jpg */; };
		B2EA7E632488ED3E007F44BD /* rainbowlake.jpg in Resources */ = {isa = PBXBuildFile; fileRef = B2EA7E572488ED3E007F44BD /* rainbowlake.jpg */; };
		B2EA7E642488ED3E007F44BD /* stmarylake.jpg in Resources */ = {isa = PBXBuildFile; fileRef = B2EA7E582488ED3E007F44BD /* stmarylake.jpg */; };
		B2EA7E662488ED5B007F44BD /* landmarkData.json in Resources */ = {isa = PBXBuildFile; fileRef = B2EA7E652488ED5B007F44BD /* landmarkData.json */; };
		B2EA7E692488ED9A007F44BD /* Data.swift in Sources */ = {isa = PBXBuildFile; fileRef = B2EA7E672488ED9A007F44BD /* Data.swift */; };
		B2EA7E6A2488ED9A007F44BD /* Landmark.swift in Sources */ = {isa = PBXBuildFile; fileRef = B2EA7E682488ED9A007F44BD /* Landmark.swift */; };
		B2EA7E6C2488F0DC007F44BD /* LandmarkRow.swift in Sources */ = {isa = PBXBuildFile; fileRef = B2EA7E6B2488F0DC007F44BD /* LandmarkRow.swift */; };
		B2EA7E6E24922496007F44BD /* LandmarkList.swift in Sources */ = {isa = PBXBuildFile; fileRef = B2EA7E6D24922495007F44BD /* LandmarkList.swift */; };
/* End PBXBuildFile section */

/* Begin PBXFileReference section */
		B2710E22247FAAC4000A110A /* CircleImage.swift */ = {isa = PBXFileReference; lastKnownFileType = sourcecode.swift; path = CircleImage.swift; sourceTree = "<group>"; };
		B2710E24247FAEE9000A110A /* MapView.swift */ = {isa = PBXFileReference; lastKnownFileType = sourcecode.swift; path = MapView.swift; sourceTree = "<group>"; };
		B2CA8FBF2476794200C6CE59 /* SwiftUI-workshop-1.app */ = {isa = PBXFileReference; explicitFileType = wrapper.application; includeInIndex = 0; path = "SwiftUI-workshop-1.app"; sourceTree = BUILT_PRODUCTS_DIR; };
		B2CA8FC22476794200C6CE59 /* AppDelegate.swift */ = {isa = PBXFileReference; lastKnownFileType = sourcecode.swift; path = AppDelegate.swift; sourceTree = "<group>"; };
		B2CA8FC42476794200C6CE59 /* SceneDelegate.swift */ = {isa = PBXFileReference; lastKnownFileType = sourcecode.swift; path = SceneDelegate.swift; sourceTree = "<group>"; };
		B2CA8FC62476794200C6CE59 /* LandmarkDetail.swift */ = {isa = PBXFileReference; lastKnownFileType = sourcecode.swift; path = LandmarkDetail.swift; sourceTree = "<group>"; };
		B2CA8FC82476794C00C6CE59 /* Assets.xcassets */ = {isa = PBXFileReference; lastKnownFileType = folder.assetcatalog; path = Assets.xcassets; sourceTree = "<group>"; };
		B2CA8FCB2476794C00C6CE59 /* Preview Assets.xcassets */ = {isa = PBXFileReference; lastKnownFileType = folder.assetcatalog; path = "Preview Assets.xcassets"; sourceTree = "<group>"; };
		B2CA8FCE2476794C00C6CE59 /* Base */ = {isa = PBXFileReference; lastKnownFileType = file.storyboard; name = Base; path = Base.lproj/LaunchScreen.storyboard; sourceTree = "<group>"; };
		B2CA8FD02476794C00C6CE59 /* Info.plist */ = {isa = PBXFileReference; lastKnownFileType = text.plist.xml; path = Info.plist; sourceTree = "<group>"; };
		B2EA7E4D2488ED3D007F44BD /* twinlake.jpg */ = {isa = PBXFileReference; lastKnownFileType = image.jpeg; path = twinlake.jpg; sourceTree = "<group>"; };
		B2EA7E4E2488ED3D007F44BD /* yukon_charleyrivers.jpg */ = {isa = PBXFileReference; lastKnownFileType = image.jpeg; path = yukon_charleyrivers.jpg; sourceTree = "<group>"; };
		B2EA7E4F2488ED3D007F44BD /* chilkoottrail.jpg */ = {isa = PBXFileReference; lastKnownFileType = image.jpeg; path = chilkoottrail.jpg; sourceTree = "<group>"; };
		B2EA7E502488ED3D007F44BD /* umbagog.jpg */ = {isa = PBXFileReference; lastKnownFileType = image.jpeg; path = umbagog.jpg; sourceTree = "<group>"; };
		B2EA7E512488ED3D007F44BD /* icybay.jpg */ = {isa = PBXFileReference; lastKnownFileType = image.jpeg; path = icybay.jpg; sourceTree = "<group>"; };
		B2EA7E522488ED3D007F44BD /* turtlerock.jpg */ = {isa = PBXFileReference; lastKnownFileType = image.jpeg; path = turtlerock.jpg; sourceTree = "<group>"; };
		B2EA7E532488ED3D007F44BD /* lakemcdonald.jpg */ = {isa = PBXFileReference; lastKnownFileType = image.jpeg; path = lakemcdonald.jpg; sourceTree = "<group>"; };
		B2EA7E542488ED3E007F44BD /* silversalmoncreek.jpg */ = {isa = PBXFileReference; lastKnownFileType = image.jpeg; path = silversalmoncreek.jpg; sourceTree = "<group>"; };
		B2EA7E552488ED3E007F44BD /* chincoteague.jpg */ = {isa = PBXFileReference; lastKnownFileType = image.jpeg; path = chincoteague.jpg; sourceTree = "<group>"; };
		B2EA7E562488ED3E007F44BD /* hiddenlake.jpg */ = {isa = PBXFileReference; lastKnownFileType = image.jpeg; path = hiddenlake.jpg; sourceTree = "<group>"; };
		B2EA7E572488ED3E007F44BD /* rainbowlake.jpg */ = {isa = PBXFileReference; lastKnownFileType = image.jpeg; path = rainbowlake.jpg; sourceTree = "<group>"; };
		B2EA7E582488ED3E007F44BD /* stmarylake.jpg */ = {isa = PBXFileReference; lastKnownFileType = image.jpeg; path = stmarylake.jpg; sourceTree = "<group>"; };
		B2EA7E652488ED5B007F44BD /* landmarkData.json */ = {isa = PBXFileReference; fileEncoding = 4; lastKnownFileType = text.json; path = landmarkData.json; sourceTree = "<group>"; };
		B2EA7E672488ED9A007F44BD /* Data.swift */ = {isa = PBXFileReference; fileEncoding = 4; lastKnownFileType = sourcecode.swift; path = Data.swift; sourceTree = "<group>"; };
		B2EA7E682488ED9A007F44BD /* Landmark.swift */ = {isa = PBXFileReference; fileEncoding = 4; lastKnownFileType = sourcecode.swift; path = Landmark.swift; sourceTree = "<group>"; };
		B2EA7E6B2488F0DC007F44BD /* LandmarkRow.swift */ = {isa = PBXFileReference; lastKnownFileType = sourcecode.swift; path = LandmarkRow.swift; sourceTree = "<group>"; };
		B2EA7E6D24922495007F44BD /* LandmarkList.swift */ = {isa = PBXFileReference; lastKnownFileType = sourcecode.swift; path = LandmarkList.swift; sourceTree = "<group>"; };
/* End PBXFileReference section */

/* Begin PBXFrameworksBuildPhase section */
		B2CA8FBC2476794200C6CE59 /* Frameworks */ = {
			isa = PBXFrameworksBuildPhase;
			buildActionMask = 2147483647;
			files = (
			);
			runOnlyForDeploymentPostprocessing = 0;
		};
/* End PBXFrameworksBuildPhase section */

/* Begin PBXGroup section */
		B2CA8FB62476794200C6CE59 = {
			isa = PBXGroup;
			children = (
				B2CA8FC12476794200C6CE59 /* SwiftUI-workshop-1 */,
				B2CA8FC02476794200C6CE59 /* Products */,
			);
			sourceTree = "<group>";
		};
		B2CA8FC02476794200C6CE59 /* Products */ = {
			isa = PBXGroup;
			children = (
				B2CA8FBF2476794200C6CE59 /* SwiftUI-workshop-1.app */,
			);
			name = Products;
			sourceTree = "<group>";
		};
		B2CA8FC12476794200C6CE59 /* SwiftUI-workshop-1 */ = {
			isa = PBXGroup;
			children = (
				B2EA7E4C2488ECDE007F44BD /* Resources */,
				B2EA7E4B2488ECD1007F44BD /* Models */,
				B2CA8FC22476794200C6CE59 /* AppDelegate.swift */,
				B2CA8FC42476794200C6CE59 /* SceneDelegate.swift */,
				B2CA8FC62476794200C6CE59 /* LandmarkDetail.swift */,
				B2EA7E6B2488F0DC007F44BD /* LandmarkRow.swift */,
				B2EA7E6D24922495007F44BD /* LandmarkList.swift */,
				B2710E22247FAAC4000A110A /* CircleImage.swift */,
				B2710E24247FAEE9000A110A /* MapView.swift */,
				B2CA8FC82476794C00C6CE59 /* Assets.xcassets */,
				B2CA8FCD2476794C00C6CE59 /* LaunchScreen.storyboard */,
				B2CA8FD02476794C00C6CE59 /* Info.plist */,
				B2CA8FCA2476794C00C6CE59 /* Preview Content */,
			);
			path = "SwiftUI-workshop-1";
			sourceTree = "<group>";
		};
		B2CA8FCA2476794C00C6CE59 /* Preview Content */ = {
			isa = PBXGroup;
			children = (
				B2CA8FCB2476794C00C6CE59 /* Preview Assets.xcassets */,
			);
			path = "Preview Content";
			sourceTree = "<group>";
		};
		B2EA7E4B2488ECD1007F44BD /* Models */ = {
			isa = PBXGroup;
			children = (
				B2EA7E672488ED9A007F44BD /* Data.swift */,
				B2EA7E682488ED9A007F44BD /* Landmark.swift */,
			);
			path = Models;
			sourceTree = "<group>";
		};
		B2EA7E4C2488ECDE007F44BD /* Resources */ = {
			isa = PBXGroup;
			children = (
				B2EA7E4F2488ED3D007F44BD /* chilkoottrail.jpg */,
				B2EA7E552488ED3E007F44BD /* chincoteague.jpg */,
				B2EA7E562488ED3E007F44BD /* hiddenlake.jpg */,
				B2EA7E512488ED3D007F44BD /* icybay.jpg */,
				B2EA7E652488ED5B007F44BD /* landmarkData.json */,
				B2EA7E532488ED3D007F44BD /* lakemcdonald.jpg */,
				B2EA7E572488ED3E007F44BD /* rainbowlake.jpg */,
				B2EA7E542488ED3E007F44BD /* silversalmoncreek.jpg */,
				B2EA7E582488ED3E007F44BD /* stmarylake.jpg */,
				B2EA7E522488ED3D007F44BD /* turtlerock.jpg */,
				B2EA7E4D2488ED3D007F44BD /* twinlake.jpg */,
				B2EA7E502488ED3D007F44BD /* umbagog.jpg */,
				B2EA7E4E2488ED3D007F44BD /* yukon_charleyrivers.jpg */,
			);
			path = Resources;
			sourceTree = "<group>";
		};
/* End PBXGroup section */

/* Begin PBXNativeTarget section */
		B2CA8FBE2476794200C6CE59 /* SwiftUI-workshop-1 */ = {
			isa = PBXNativeTarget;
			buildConfigurationList = B2CA8FD32476794C00C6CE59 /* Build configuration list for PBXNativeTarget "SwiftUI-workshop-1" */;
			buildPhases = (
				B2CA8FBB2476794200C6CE59 /* Sources */,
				B2CA8FBC2476794200C6CE59 /* Frameworks */,
				B2CA8FBD2476794200C6CE59 /* Resources */,
			);
			buildRules = (
			);
			dependencies = (
			);
			name = "SwiftUI-workshop-1";
			productName = "SwiftUI-workshop-1";
			productReference = B2CA8FBF2476794200C6CE59 /* SwiftUI-workshop-1.app */;
			productType = "com.apple.product-type.application";
		};
/* End PBXNativeTarget section */

/* Begin PBXProject section */
		B2CA8FB72476794200C6CE59 /* Project object */ = {
			isa = PBXProject;
			attributes = {
				LastSwiftUpdateCheck = 1140;
				LastUpgradeCheck = 1140;
				ORGANIZATIONNAME = "Kevin Chen";
				TargetAttributes = {
					B2CA8FBE2476794200C6CE59 = {
						CreatedOnToolsVersion = 11.4.1;
					};
				};
			};
			buildConfigurationList = B2CA8FBA2476794200C6CE59 /* Build configuration list for PBXProject "SwiftUI-workshop-1" */;
			compatibilityVersion = "Xcode 9.3";
			developmentRegion = en;
			hasScannedForEncodings = 0;
			knownRegions = (
				en,
				Base,
			);
			mainGroup = B2CA8FB62476794200C6CE59;
			productRefGroup = B2CA8FC02476794200C6CE59 /* Products */;
			projectDirPath = "";
			projectRoot = "";
			targets = (
				B2CA8FBE2476794200C6CE59 /* SwiftUI-workshop-1 */,
			);
		};
/* End PBXProject section */

/* Begin PBXResourcesBuildPhase section */
		B2CA8FBD2476794200C6CE59 /* Resources */ = {
			isa = PBXResourcesBuildPhase;
			buildActionMask = 2147483647;
			files = (
				B2CA8FCF2476794C00C6CE59 /* LaunchScreen.storyboard in Resources */,
				B2EA7E622488ED3E007F44BD /* hiddenlake.jpg in Resources */,
				B2EA7E5B2488ED3E007F44BD /* chilkoottrail.jpg in Resources */,
				B2EA7E5E2488ED3E007F44BD /* turtlerock.jpg in Resources */,
				B2EA7E5D2488ED3E007F44BD /* icybay.jpg in Resources */,
				B2EA7E5C2488ED3E007F44BD /* umbagog.jpg in Resources */,
				B2EA7E642488ED3E007F44BD /* stmarylake.jpg in Resources */,
				B2CA8FCC2476794C00C6CE59 /* Preview Assets.xcassets in Resources */,
				B2EA7E632488ED3E007F44BD /* rainbowlake.jpg in Resources */,
				B2EA7E612488ED3E007F44BD /* chincoteague.jpg in Resources */,
				B2EA7E5F2488ED3E007F44BD /* lakemcdonald.jpg in Resources */,
				B2EA7E592488ED3E007F44BD /* twinlake.jpg in Resources */,
				B2EA7E602488ED3E007F44BD /* silversalmoncreek.jpg in Resources */,
				B2EA7E662488ED5B007F44BD /* landmarkData.json in Resources */,
				B2CA8FC92476794C00C6CE59 /* Assets.xcassets in Resources */,
				B2EA7E5A2488ED3E007F44BD /* yukon_charleyrivers.jpg in Resources */,
			);
			runOnlyForDeploymentPostprocessing = 0;
		};
/* End PBXResourcesBuildPhase section */

/* Begin PBXSourcesBuildPhase section */
		B2CA8FBB2476794200C6CE59 /* Sources */ = {
			isa = PBXSourcesBuildPhase;
			buildActionMask = 2147483647;
			files = (
				B2EA7E6A2488ED9A007F44BD /* Landmark.swift in Sources */,
				B2CA8FC32476794200C6CE59 /* AppDelegate.swift in Sources */,
				B2EA7E692488ED9A007F44BD /* Data.swift in Sources */,
				B2710E23247FAAC4000A110A /* CircleImage.swift in Sources */,
				B2EA7E6E24922496007F44BD /* LandmarkList.swift in Sources */,
				B2710E25247FAEE9000A110A /* MapView.swift in Sources */,
				B2CA8FC52476794200C6CE59 /* SceneDelegate.swift in Sources */,
				B2EA7E6C2488F0DC007F44BD /* LandmarkRow.swift in Sources */,
				B2CA8FC72476794200C6CE59 /* LandmarkDetail.swift in Sources */,
			);
			runOnlyForDeploymentPostprocessing = 0;
		};
/* End PBXSourcesBuildPhase section */

/* Begin PBXVariantGroup section */
		B2CA8FCD2476794C00C6CE59 /* LaunchScreen.storyboard */ = {
			isa = PBXVariantGroup;
			children = (
				B2CA8FCE2476794C00C6CE59 /* Base */,
			);
			name = LaunchScreen.storyboard;
			sourceTree = "<group>";
		};
/* End PBXVariantGroup section */

/* Begin XCBuildConfiguration section */
		B2CA8FD12476794C00C6CE59 /* Debug */ = {
			isa = XCBuildConfiguration;
			buildSettings = {
				ALWAYS_SEARCH_USER_PATHS = NO;
				CLANG_ANALYZER_NONNULL = YES;
				CLANG_ANALYZER_NUMBER_OBJECT_CONVERSION = YES_AGGRESSIVE;
				CLANG_CXX_LANGUAGE_STANDARD = "gnu++14";
				CLANG_CXX_LIBRARY = "libc++";
				CLANG_ENABLE_MODULES = YES;
				CLANG_ENABLE_OBJC_ARC = YES;
				CLANG_ENABLE_OBJC_WEAK = YES;
				CLANG_WARN_BLOCK_CAPTURE_AUTORELEASING = YES;
				CLANG_WARN_BOOL_CONVERSION = YES;
				CLANG_WARN_COMMA = YES;
				CLANG_WARN_CONSTANT_CONVERSION = YES;
				CLANG_WARN_DEPRECATED_OBJC_IMPLEMENTATIONS = YES;
				CLANG_WARN_DIRECT_OBJC_ISA_USAGE = YES_ERROR;
				CLANG_WARN_DOCUMENTATION_COMMENTS = YES;
				CLANG_WARN_EMPTY_BODY = YES;
				CLANG_WARN_ENUM_CONVERSION = YES;
				CLANG_WARN_INFINITE_RECURSION = YES;
				CLANG_WARN_INT_CONVERSION = YES;
				CLANG_WARN_NON_LITERAL_NULL_CONVERSION = YES;
				CLANG_WARN_OBJC_IMPLICIT_RETAIN_SELF = YES;
				CLANG_WARN_OBJC_LITERAL_CONVERSION = YES;
				CLANG_WARN_OBJC_ROOT_CLASS = YES_ERROR;
				CLANG_WARN_RANGE_LOOP_ANALYSIS = YES;
				CLANG_WARN_STRICT_PROTOTYPES = YES;
				CLANG_WARN_SUSPICIOUS_MOVE = YES;
				CLANG_WARN_UNGUARDED_AVAILABILITY = YES_AGGRESSIVE;
				CLANG_WARN_UNREACHABLE_CODE = YES;
				CLANG_WARN__DUPLICATE_METHOD_MATCH = YES;
				COPY_PHASE_STRIP = NO;
				DEBUG_INFORMATION_FORMAT = dwarf;
				ENABLE_STRICT_OBJC_MSGSEND = YES;
				ENABLE_TESTABILITY = YES;
				GCC_C_LANGUAGE_STANDARD = gnu11;
				GCC_DYNAMIC_NO_PIC = NO;
				GCC_NO_COMMON_BLOCKS = YES;
				GCC_OPTIMIZATION_LEVEL = 0;
				GCC_PREPROCESSOR_DEFINITIONS = (
					"DEBUG=1",
					"$(inherited)",
				);
				GCC_WARN_64_TO_32_BIT_CONVERSION = YES;
				GCC_WARN_ABOUT_RETURN_TYPE = YES_ERROR;
				GCC_WARN_UNDECLARED_SELECTOR = YES;
				GCC_WARN_UNINITIALIZED_AUTOS = YES_AGGRESSIVE;
				GCC_WARN_UNUSED_FUNCTION = YES;
				GCC_WARN_UNUSED_VARIABLE = YES;
				IPHONEOS_DEPLOYMENT_TARGET = 13.4;
				MTL_ENABLE_DEBUG_INFO = INCLUDE_SOURCE;
				MTL_FAST_MATH = YES;
				ONLY_ACTIVE_ARCH = YES;
				SDKROOT = iphoneos;
				SWIFT_ACTIVE_COMPILATION_CONDITIONS = DEBUG;
				SWIFT_OPTIMIZATION_LEVEL = "-Onone";
			};
			name = Debug;
		};
		B2CA8FD22476794C00C6CE59 /* Release */ = {
			isa = XCBuildConfiguration;
			buildSettings = {
				ALWAYS_SEARCH_USER_PATHS = NO;
				CLANG_ANALYZER_NONNULL = YES;
				CLANG_ANALYZER_NUMBER_OBJECT_CONVERSION = YES_AGGRESSIVE;
				CLANG_CXX_LANGUAGE_STANDARD = "gnu++14";
				CLANG_CXX_LIBRARY = "libc++";
				CLANG_ENABLE_MODULES = YES;
				CLANG_ENABLE_OBJC_ARC = YES;
				CLANG_ENABLE_OBJC_WEAK = YES;
				CLANG_WARN_BLOCK_CAPTURE_AUTORELEASING = YES;
				CLANG_WARN_BOOL_CONVERSION = YES;
				CLANG_WARN_COMMA = YES;
				CLANG_WARN_CONSTANT_CONVERSION = YES;
				CLANG_WARN_DEPRECATED_OBJC_IMPLEMENTATIONS = YES;
				CLANG_WARN_DIRECT_OBJC_ISA_USAGE = YES_ERROR;
				CLANG_WARN_DOCUMENTATION_COMMENTS = YES;
				CLANG_WARN_EMPTY_BODY = YES;
				CLANG_WARN_ENUM_CONVERSION = YES;
				CLANG_WARN_INFINITE_RECURSION = YES;
				CLANG_WARN_INT_CONVERSION = YES;
				CLANG_WARN_NON_LITERAL_NULL_CONVERSION = YES;
				CLANG_WARN_OBJC_IMPLICIT_RETAIN_SELF = YES;
				CLANG_WARN_OBJC_LITERAL_CONVERSION = YES;
				CLANG_WARN_OBJC_ROOT_CLASS = YES_ERROR;
				CLANG_WARN_RANGE_LOOP_ANALYSIS = YES;
				CLANG_WARN_STRICT_PROTOTYPES = YES;
				CLANG_WARN_SUSPICIOUS_MOVE = YES;
				CLANG_WARN_UNGUARDED_AVAILABILITY = YES_AGGRESSIVE;
				CLANG_WARN_UNREACHABLE_CODE = YES;
				CLANG_WARN__DUPLICATE_METHOD_MATCH = YES;
				COPY_PHASE_STRIP = NO;
				DEBUG_INFORMATION_FORMAT = "dwarf-with-dsym";
				ENABLE_NS_ASSERTIONS = NO;
				ENABLE_STRICT_OBJC_MSGSEND = YES;
				GCC_C_LANGUAGE_STANDARD = gnu11;
				GCC_NO_COMMON_BLOCKS = YES;
				GCC_WARN_64_TO_32_BIT_CONVERSION = YES;
				GCC_WARN_ABOUT_RETURN_TYPE = YES_ERROR;
				GCC_WARN_UNDECLARED_SELECTOR = YES;
				GCC_WARN_UNINITIALIZED_AUTOS = YES_AGGRESSIVE;
				GCC_WARN_UNUSED_FUNCTION = YES;
				GCC_WARN_UNUSED_VARIABLE = YES;
				IPHONEOS_DEPLOYMENT_TARGET = 13.4;
				MTL_ENABLE_DEBUG_INFO = NO;
				MTL_FAST_MATH = YES;
				SDKROOT = iphoneos;
				SWIFT_COMPILATION_MODE = wholemodule;
				SWIFT_OPTIMIZATION_LEVEL = "-O";
				VALIDATE_PRODUCT = YES;
			};
			name = Release;
		};
		B2CA8FD42476794C00C6CE59 /* Debug */ = {
			isa = XCBuildConfiguration;
			buildSettings = {
				ASSETCATALOG_COMPILER_APPICON_NAME = AppIcon;
				CODE_SIGN_IDENTITY = "Apple Development";
				CODE_SIGN_STYLE = Manual;
				DEVELOPMENT_ASSET_PATHS = "\"SwiftUI-workshop-1/Preview Content\"";
				DEVELOPMENT_TEAM = "";
				ENABLE_PREVIEWS = YES;
				INFOPLIST_FILE = "SwiftUI-workshop-1/Info.plist";
				LD_RUNPATH_SEARCH_PATHS = (
					"$(inherited)",
					"@executable_path/Frameworks",
				);
				PRODUCT_BUNDLE_IDENTIFIER = "inheart.tw.SwiftUI-workshop-1";
				PRODUCT_NAME = "$(TARGET_NAME)";
				PROVISIONING_PROFILE_SPECIFIER = "";
				SWIFT_VERSION = 5.0;
				TARGETED_DEVICE_FAMILY = "1,2";
			};
			name = Debug;
		};
		B2CA8FD52476794C00C6CE59 /* Release */ = {
			isa = XCBuildConfiguration;
			buildSettings = {
				ASSETCATALOG_COMPILER_APPICON_NAME = AppIcon;
				CODE_SIGN_IDENTITY = "Apple Development";
				CODE_SIGN_STYLE = Manual;
				DEVELOPMENT_ASSET_PATHS = "\"SwiftUI-workshop-1/Preview Content\"";
				DEVELOPMENT_TEAM = "";
				ENABLE_PREVIEWS = YES;
				INFOPLIST_FILE = "SwiftUI-workshop-1/Info.plist";
				LD_RUNPATH_SEARCH_PATHS = (
					"$(inherited)",
					"@executable_path/Frameworks",
				);
				PRODUCT_BUNDLE_IDENTIFIER = "inheart.tw.SwiftUI-workshop-1";
				PRODUCT_NAME = "$(TARGET_NAME)";
				PROVISIONING_PROFILE_SPECIFIER = "";
				SWIFT_VERSION = 5.0;
				TARGETED_DEVICE_FAMILY = "1,2";
			};
			name = Release;
		};
/* End XCBuildConfiguration section */

/* Begin XCConfigurationList section */
		B2CA8FBA2476794200C6CE59 /* Build configuration list for PBXProject "SwiftUI-workshop-1" */ = {
			isa = XCConfigurationList;
			buildConfigurations = (
				B2CA8FD12476794C00C6CE59 /* Debug */,
				B2CA8FD22476794C00C6CE59 /* Release */,
			);
			defaultConfigurationIsVisible = 0;
			defaultConfigurationName = Release;
		};
		B2CA8FD32476794C00C6CE59 /* Build configuration list for PBXNativeTarget "SwiftUI-workshop-1" */ = {
			isa = XCConfigurationList;
			buildConfigurations = (
				B2CA8FD42476794C00C6CE59 /* Debug */,
				B2CA8FD52476794C00C6CE59 /* Release */,
			);
			defaultConfigurationIsVisible = 0;
			defaultConfigurationName = Release;
		};
/* End XCConfigurationList section */
	};
	rootObject = B2CA8FB72476794200C6CE59 /* Project object */;
}
